
Microsoft Visual Studio Solution File, Format Version 12.00
# Visual Studio Version 17
VisualStudioVersion = 17.11.35222.181
MinimumVisualStudioVersion = 10.0.40219.1
Project("{FAE04EC0-301F-11D3-BF4B-00C04F79EFBC}") = "CaretakerCoreNET", "CaretakerCoreNET.csproj", "{2BDA5071-6E3E-4F1C-BA7B-B579077361F6}"
EndProject
Global
	GlobalSection(SolutionConfigurationPlatforms) = preSolution
		Debug|Any CPU = Debug|Any CPU
		Release|Any CPU = Release|Any CPU
	EndGlobalSection
	GlobalSection(ProjectConfigurationPlatforms) = postSolution
		{2BDA5071-6E3E-4F1C-BA7B-B579077361F6}.Debug|Any CPU.ActiveCfg = Debug|Any CPU
		{2BDA5071-6E3E-4F1C-BA7B-B579077361F6}.Debug|Any CPU.Build.0 = Debug|Any CPU
		{2BDA5071-6E3E-4F1C-BA7B-B579077361F6}.Release|Any CPU.ActiveCfg = Release|Any CPU
		{2BDA5071-6E3E-4F1C-BA7B-B579077361F6}.Release|Any CPU.Build.0 = Release|Any CPU
	EndGlobalSection
	GlobalSection(SolutionProperties) = preSolution
		HideSolutionNode = FALSE
	EndGlobalSection
	GlobalSection(ExtensibilityGlobals) = postSolution
		SolutionGuid = {2CE4D0F4-6B95-4E54-8E11-635C627F2A15}
	EndGlobalSection
EndGlobal
